{
  "name": "mikaki-vault-search-probe",
  "lockfileVersion": 3,
  "requires": true,
  "packages": {
    "": {
      "name": "mikaki-vault-search-probe",
      "dependencies": {
        "@sqlite.org/sqlite-wasm": "3.53.4-build2"
      }
    },
    "node_modules/@sqlite.org/sqlite-wasm": {
      "version": "3.53.4-build2",
      "resolved": "https://registry.npmjs.org/@sqlite.org/sqlite-wasm/-/sqlite-wasm-3.53.4-build2.tgz",
      "integrity": "sha512-kQVArGJA4z7s56Dm8t+eTBXad4LiohuVj9pfgDNOcxa+Ic5xMrWlLPTq6cT0hw5S4MIvtpsraW+B0wD+IPvC7A==",
      "license": "Apache-2.0",
      "workspaces": [
        "demos/*"
      ],
      "engines": {
        "node": ">=22"
      }
    }
  }
}
